Microsoft Visual Studio Solution File, Format Version 11.00
# Visual Studio 2008

Project("{6B4D9549-97A7-7C89-6496-2A1437D2E4E3}") = "NeneGame", "Assembly-CSharp.csproj", "{B28FC301-AB4A-30B4-4066-38F1654424A7}"
EndProject
Global
	GlobalSection(SolutionConfigurationPlatforms) = preSolution
		Debug|Any CPU = Debug|Any CPU
		Release|Any CPU = Release|Any CPU
	EndGlobalSection
	GlobalSection(ProjectConfigurationPlatforms) = postSolution
		{B28FC301-AB4A-30B4-4066-38F1654424A7}.Debug|Any CPU.ActiveCfg = Debug|Any CPU
		{B28FC301-AB4A-30B4-4066-38F1654424A7}.Debug|Any CPU.Build.0 = Debug|Any CPU
		{B28FC301-AB4A-30B4-4066-38F1654424A7}.Release|Any CPU.ActiveCfg = Release|Any CPU
		{B28FC301-AB4A-30B4-4066-38F1654424A7}.Release|Any CPU.Build.0 = Release|Any CPU
	EndGlobalSection
	GlobalSection(SolutionProperties) = preSolution
		HideSolutionNode = FALSE
	EndGlobalSection
	GlobalSection(MonoDevelopProperties) = preSolution
		StartupItem = Assembly-CSharp.csproj
	EndGlobalSection
EndGlobal
